
Microsoft Visual Studio Solution File, Format Version 12.00
# Visual Studio 14
VisualStudioVersion = 14.0.25123.0
MinimumVisualStudioVersion = 10.0.40219.1
Project("{FAE04EC0-301F-11D3-BF4B-00C04F79EFBC}") = "massive-moose.client.silverlight", "massive-moose.client.silverlight\massive-moose.client.silverlight.csproj", "{FF175C7A-D04E-4E13-BD4F-BD42CEAED52B}"
EndProject
Project("{FAE04EC0-301F-11D3-BF4B-00C04F79EFBC}") = "massive-moose.client.silverlight.Web", "massive-moose.client.silverlight.Web\massive-moose.client.silverlight.Web.csproj", "{7774CC3E-5C9D-4C3D-AEEF-DB77E17795C2}"
EndProject
Global
	GlobalSection(SolutionConfigurationPlatforms) = preSolution
		Debug|Any CPU = Debug|Any CPU
		Release|Any CPU = Release|Any CPU
	EndGlobalSection
	GlobalSection(ProjectConfigurationPlatforms) = postSolution
		{FF175C7A-D04E-4E13-BD4F-BD42CEAED52B}.Debug|Any CPU.ActiveCfg = Debug|Any CPU
		{FF175C7A-D04E-4E13-BD4F-BD42CEAED52B}.Debug|Any CPU.Build.0 = Debug|Any CPU
		{FF175C7A-D04E-4E13-BD4F-BD42CEAED52B}.Release|Any CPU.ActiveCfg = Release|Any CPU
		{FF175C7A-D04E-4E13-BD4F-BD42CEAED52B}.Release|Any CPU.Build.0 = Release|Any CPU
		{7774CC3E-5C9D-4C3D-AEEF-DB77E17795C2}.Debug|Any CPU.ActiveCfg = Debug|Any CPU
		{7774CC3E-5C9D-4C3D-AEEF-DB77E17795C2}.Debug|Any CPU.Build.0 = Debug|Any CPU
		{7774CC3E-5C9D-4C3D-AEEF-DB77E17795C2}.Release|Any CPU.ActiveCfg = Release|Any CPU
		{7774CC3E-5C9D-4C3D-AEEF-DB77E17795C2}.Release|Any CPU.Build.0 = Release|Any CPU
	EndGlobalSection
	GlobalSection(SolutionProperties) = preSolution
		HideSolutionNode = FALSE
	EndGlobalSection
EndGlobal
